
Microsoft Visual Studio Solution File, Format Version 12.00
# Visual Studio Version 17
VisualStudioVersion = 17.7.34031.279
MinimumVisualStudioVersion = 10.0.40219.1
Project("{FAE04EC0-301F-11D3-BF4B-00C04F79EFBC}") = "cistella", "cistella\cistella.csproj", "{C039F2AC-5FE8-4642-9314-DE2420E412E7}"
EndProject
Global
	GlobalSection(SolutionConfigurationPlatforms) = preSolution
		Debug|Any CPU = Debug|Any CPU
		Release|Any CPU = Release|Any CPU
	EndGlobalSection
	GlobalSection(ProjectConfigurationPlatforms) = postSolution
		{C039F2AC-5FE8-4642-9314-DE2420E412E7}.Debug|Any CPU.ActiveCfg = Debug|Any CPU
		{C039F2AC-5FE8-4642-9314-DE2420E412E7}.Debug|Any CPU.Build.0 = Debug|Any CPU
		{C039F2AC-5FE8-4642-9314-DE2420E412E7}.Release|Any CPU.ActiveCfg = Release|Any CPU
		{C039F2AC-5FE8-4642-9314-DE2420E412E7}.Release|Any CPU.Build.0 = Release|Any CPU
	EndGlobalSection
	GlobalSection(SolutionProperties) = preSolution
		HideSolutionNode = FALSE
	EndGlobalSection
	GlobalSection(ExtensibilityGlobals) = postSolution
		SolutionGuid = {76A6E6C4-EBD8-49DB-A7D5-0013BCCCB415}
	EndGlobalSection
EndGlobal
